
Microsoft Visual Studio Solution File, Format Version 12.00
# Visual Studio Version 17
VisualStudioVersion = 17.4.33213.308
MinimumVisualStudioVersion = 10.0.40219.1
Project("{9A19103F-16F7-4668-BE54-9A1E7A4F7556}") = "Assignment3", "Assignment3\Assignment3.csproj", "{1B5EBCFA-30D7-4A85-9EEE-D69863A7EF84}"
EndProject
Global
	GlobalSection(SolutionConfigurationPlatforms) = preSolution
		Debug|Any CPU = Debug|Any CPU
		Release|Any CPU = Release|Any CPU
	EndGlobalSection
	GlobalSection(ProjectConfigurationPlatforms) = postSolution
		{1B5EBCFA-30D7-4A85-9EEE-D69863A7EF84}.Debug|Any CPU.ActiveCfg = Debug|Any CPU
		{1B5EBCFA-30D7-4A85-9EEE-D69863A7EF84}.Debug|Any CPU.Build.0 = Debug|Any CPU
		{1B5EBCFA-30D7-4A85-9EEE-D69863A7EF84}.Release|Any CPU.ActiveCfg = Release|Any CPU
		{1B5EBCFA-30D7-4A85-9EEE-D69863A7EF84}.Release|Any CPU.Build.0 = Release|Any CPU
	EndGlobalSection
	GlobalSection(SolutionProperties) = preSolution
		HideSolutionNode = FALSE
	EndGlobalSection
	GlobalSection(ExtensibilityGlobals) = postSolution
		SolutionGuid = {172EA070-9EE1-4FA4-A447-8F497EB7AE0F}
	EndGlobalSection
EndGlobal
